
Microsoft Visual Studio Solution File, Format Version 12.00
# Visual Studio 15
VisualStudioVersion = 15.0.28307.329
MinimumVisualStudioVersion = 10.0.40219.1
Project("{FAE04EC0-301F-11D3-BF4B-00C04F79EFBC}") = "OpenF", "OpenF\OpenF.csproj", "{278285EB-DFFE-4B4D-9C4F-E0EB81207B08}"
EndProject
Global
	GlobalSection(SolutionConfigurationPlatforms) = preSolution
		Debug|Any CPU = Debug|Any CPU
		Release|Any CPU = Release|Any CPU
	EndGlobalSection
	GlobalSection(ProjectConfigurationPlatforms) = postSolution
		{278285EB-DFFE-4B4D-9C4F-E0EB81207B08}.Debug|Any CPU.ActiveCfg = Debug|Any CPU
		{278285EB-DFFE-4B4D-9C4F-E0EB81207B08}.Debug|Any CPU.Build.0 = Debug|Any CPU
		{278285EB-DFFE-4B4D-9C4F-E0EB81207B08}.Release|Any CPU.ActiveCfg = Release|Any CPU
		{278285EB-DFFE-4B4D-9C4F-E0EB81207B08}.Release|Any CPU.Build.0 = Release|Any CPU
	EndGlobalSection
	GlobalSection(SolutionProperties) = preSolution
		HideSolutionNode = FALSE
	EndGlobalSection
	GlobalSection(ExtensibilityGlobals) = postSolution
		SolutionGuid = {C0317F95-448E-4966-9CAF-48898FEDB300}
	EndGlobalSection
EndGlobal
