
Microsoft Visual Studio Solution File, Format Version 12.00
# Visual Studio 15
VisualStudioVersion = 15.0.28307.329
MinimumVisualStudioVersion = 10.0.40219.1
Project("{FAE04EC0-301F-11D3-BF4B-00C04F79EFBC}") = "Task2", "Task2\Task2.csproj", "{045D1E96-0CC6-4710-B4DC-A9CD16AAD93E}"
EndProject
Global
	GlobalSection(SolutionConfigurationPlatforms) = preSolution
		Debug|Any CPU = Debug|Any CPU
		Release|Any CPU = Release|Any CPU
	EndGlobalSection
	GlobalSection(ProjectConfigurationPlatforms) = postSolution
		{045D1E96-0CC6-4710-B4DC-A9CD16AAD93E}.Debug|Any CPU.ActiveCfg = Debug|Any CPU
		{045D1E96-0CC6-4710-B4DC-A9CD16AAD93E}.Debug|Any CPU.Build.0 = Debug|Any CPU
		{045D1E96-0CC6-4710-B4DC-A9CD16AAD93E}.Release|Any CPU.ActiveCfg = Release|Any CPU
		{045D1E96-0CC6-4710-B4DC-A9CD16AAD93E}.Release|Any CPU.Build.0 = Release|Any CPU
	EndGlobalSection
	GlobalSection(SolutionProperties) = preSolution
		HideSolutionNode = FALSE
	EndGlobalSection
	GlobalSection(ExtensibilityGlobals) = postSolution
		SolutionGuid = {FA9E2083-D186-43A7-8EBE-209558A6500F}
	EndGlobalSection
EndGlobal
