
Microsoft Visual Studio Solution File, Format Version 12.00
# Visual Studio 15
VisualStudioVersion = 15.0.28307.329
MinimumVisualStudioVersion = 10.0.40219.1
Project("{FAE04EC0-301F-11D3-BF4B-00C04F79EFBC}") = "Task2", "Task2\Task2.csproj", "{A2532E22-549B-4E16-BC17-9D12AFBFEEDA}"
EndProject
Global
	GlobalSection(SolutionConfigurationPlatforms) = preSolution
		Debug|Any CPU = Debug|Any CPU
		Release|Any CPU = Release|Any CPU
	EndGlobalSection
	GlobalSection(ProjectConfigurationPlatforms) = postSolution
		{A2532E22-549B-4E16-BC17-9D12AFBFEEDA}.Debug|Any CPU.ActiveCfg = Debug|Any CPU
		{A2532E22-549B-4E16-BC17-9D12AFBFEEDA}.Debug|Any CPU.Build.0 = Debug|Any CPU
		{A2532E22-549B-4E16-BC17-9D12AFBFEEDA}.Release|Any CPU.ActiveCfg = Release|Any CPU
		{A2532E22-549B-4E16-BC17-9D12AFBFEEDA}.Release|Any CPU.Build.0 = Release|Any CPU
	EndGlobalSection
	GlobalSection(SolutionProperties) = preSolution
		HideSolutionNode = FALSE
	EndGlobalSection
	GlobalSection(ExtensibilityGlobals) = postSolution
		SolutionGuid = {28485C57-B386-45C5-9F69-A1C8F7EF2010}
	EndGlobalSection
EndGlobal
