
Microsoft Visual Studio Solution File, Format Version 12.00
# Visual Studio 15
VisualStudioVersion = 15.0.28307.329
MinimumVisualStudioVersion = 10.0.40219.1
Project("{FAE04EC0-301F-11D3-BF4B-00C04F79EFBC}") = "Task1", "Task1\Task1.csproj", "{5F53F93E-FAFB-41FB-91B1-FBA586538E9B}"
EndProject
Global
	GlobalSection(SolutionConfigurationPlatforms) = preSolution
		Debug|Any CPU = Debug|Any CPU
		Release|Any CPU = Release|Any CPU
	EndGlobalSection
	GlobalSection(ProjectConfigurationPlatforms) = postSolution
		{5F53F93E-FAFB-41FB-91B1-FBA586538E9B}.Debug|Any CPU.ActiveCfg = Debug|Any CPU
		{5F53F93E-FAFB-41FB-91B1-FBA586538E9B}.Debug|Any CPU.Build.0 = Debug|Any CPU
		{5F53F93E-FAFB-41FB-91B1-FBA586538E9B}.Release|Any CPU.ActiveCfg = Release|Any CPU
		{5F53F93E-FAFB-41FB-91B1-FBA586538E9B}.Release|Any CPU.Build.0 = Release|Any CPU
	EndGlobalSection
	GlobalSection(SolutionProperties) = preSolution
		HideSolutionNode = FALSE
	EndGlobalSection
	GlobalSection(ExtensibilityGlobals) = postSolution
		SolutionGuid = {09409C14-E961-404C-9A7C-FCDE0DCE3798}
	EndGlobalSection
EndGlobal
